
Microsoft Visual Studio Solution File, Format Version 12.00
# Visual Studio Version 17
VisualStudioVersion = 17.8.34525.116
MinimumVisualStudioVersion = 10.0.40219.1
Project("{FAE04EC0-301F-11D3-BF4B-00C04F79EFBC}") = "FilePurge", "FilePurge\FilePurge.csproj", "{BB8C8D22-53B2-4CB4-B09A-A67A21B768D9}"
EndProject
Global
	GlobalSection(SolutionConfigurationPlatforms) = preSolution
		Debug|Any CPU = Debug|Any CPU
		Release|Any CPU = Release|Any CPU
	EndGlobalSection
	GlobalSection(ProjectConfigurationPlatforms) = postSolution
		{BB8C8D22-53B2-4CB4-B09A-A67A21B768D9}.Debug|Any CPU.ActiveCfg = Debug|Any CPU
		{BB8C8D22-53B2-4CB4-B09A-A67A21B768D9}.Debug|Any CPU.Build.0 = Debug|Any CPU
		{BB8C8D22-53B2-4CB4-B09A-A67A21B768D9}.Release|Any CPU.ActiveCfg = Release|Any CPU
		{BB8C8D22-53B2-4CB4-B09A-A67A21B768D9}.Release|Any CPU.Build.0 = Release|Any CPU
	EndGlobalSection
	GlobalSection(SolutionProperties) = preSolution
		HideSolutionNode = FALSE
	EndGlobalSection
	GlobalSection(ExtensibilityGlobals) = postSolution
		SolutionGuid = {CD82EAA9-4551-454D-8795-BBD640B2A60C}
	EndGlobalSection
EndGlobal
